// !$*UTF8*$!
{
	archiveVersion = 1;
	classes = {
	};
	objectVersion = 55;
	objects = {

/* Begin PBXBuildFile section */
		FC272B66279D64EE00774C04 /* AddArtistViewModel.swift in Sources */ = {isa = PBXBuildFile; fileRef = FC272B65279D64EE00774C04 /* AddArtistViewModel.swift */; };
		FC3FE58E27986FD00017C571 /* Assets.xcassets in Resources */ = {isa = PBXBuildFile; fileRef = FCC4DC2F2798199900FB0091 /* Assets.xcassets */; };
		FC3FE58F27986FD00017C571 /* Preview Assets.xcassets in Resources */ = {isa = PBXBuildFile; fileRef = FCC4DC322798199900FB0091 /* Preview Assets.xcassets */; };
		FC4BC093279C6A8900B78410 /* FavoritesViewModel.swift in Sources */ = {isa = PBXBuildFile; fileRef = FC4BC092279C6A8900B78410 /* FavoritesViewModel.swift */; };
		FCDDFBBF27986EF500E0F94F /* TabBar.swift in Sources */ = {isa = PBXBuildFile; fileRef = FCC4DC422798236A00FB0091 /* TabBar.swift */; };
		FCDDFBC327986F0F00E0F94F /* FavoritesView.swift in Sources */ = {isa = PBXBuildFile; fileRef = FCC4DC4C2798248000FB0091 /* FavoritesView.swift */; };
		FCDDFBC427986F0F00E0F94F /* SongDetailView.swift in Sources */ = {isa = PBXBuildFile; fileRef = FCC4DC4A2798245400FB0091 /* SongDetailView.swift */; };
		FCDDFBC527986F0F00E0F94F /* AddSongViewModel.swift in Sources */ = {isa = PBXBuildFile; fileRef = FCEBD8412798473600DB4962 /* AddSongViewModel.swift */; };
		FCDDFBC627986F0F00E0F94F /* AddSongView.swift in Sources */ = {isa = PBXBuildFile; fileRef = FCC4DC4F2798285500FB0091 /* AddSongView.swift */; };
		FCDDFBC727986F0F00E0F94F /* AddArtistView.swift in Sources */ = {isa = PBXBuildFile; fileRef = FCC4DC512798287B00FB0091 /* AddArtistView.swift */; };
		FCDDFBC827986F0F00E0F94F /* RatingView.swift in Sources */ = {isa = PBXBuildFile; fileRef = FCC4DC5327982DEB00FB0091 /* RatingView.swift */; };
		FCDDFBC927986F0F00E0F94F /* SongsView.swift in Sources */ = {isa = PBXBuildFile; fileRef = FCC4DC482798241800FB0091 /* SongsView.swift */; };
		FCDDFBCA27986F0F00E0F94F /* SongsViewModel.swift in Sources */ = {isa = PBXBuildFile; fileRef = FCEBD83F279844AC00DB4962 /* SongsViewModel.swift */; };
		FCDDFBCB27986F0F00E0F94F /* DBManager.swift in Sources */ = {isa = PBXBuildFile; fileRef = FCC4DC342798199900FB0091 /* DBManager.swift */; };
		FCDF5A87279873230093A61D /* Songs.xcdatamodeld in Sources */ = {isa = PBXBuildFile; fileRef = FCC4DC362798199900FB0091 /* Songs.xcdatamodeld */; };
		FCDF5A88279873400093A61D /* SongsApp.swift in Sources */ = {isa = PBXBuildFile; fileRef = FCC4DC2B2798199700FB0091 /* SongsApp.swift */; };
/* End PBXBuildFile section */

/* Begin PBXFileReference section */
		FC272B65279D64EE00774C04 /* AddArtistViewModel.swift */ = {isa = PBXFileReference; lastKnownFileType = sourcecode.swift; path = AddArtistViewModel.swift; sourceTree = "<group>"; };
		FC4BC092279C6A8900B78410 /* FavoritesViewModel.swift */ = {isa = PBXFileReference; lastKnownFileType = sourcecode.swift; path = FavoritesViewModel.swift; sourceTree = "<group>"; };
		FCC4DC282798199700FB0091 /* Songs.app */ = {isa = PBXFileReference; explicitFileType = wrapper.application; includeInIndex = 0; path = Songs.app; sourceTree = BUILT_PRODUCTS_DIR; };
		FCC4DC2B2798199700FB0091 /* SongsApp.swift */ = {isa = PBXFileReference; lastKnownFileType = sourcecode.swift; path = SongsApp.swift; sourceTree = "<group>"; };
		FCC4DC2F2798199900FB0091 /* Assets.xcassets */ = {isa = PBXFileReference; lastKnownFileType = folder.assetcatalog; path = Assets.xcassets; sourceTree = "<group>"; };
		FCC4DC322798199900FB0091 /* Preview Assets.xcassets */ = {isa = PBXFileReference; lastKnownFileType = folder.assetcatalog; path = "Preview Assets.xcassets"; sourceTree = "<group>"; };
		FCC4DC342798199900FB0091 /* DBManager.swift */ = {isa = PBXFileReference; lastKnownFileType = sourcecode.swift; path = DBManager.swift; sourceTree = "<group>"; };
		FCC4DC372798199900FB0091 /* Songs.xcdatamodel */ = {isa = PBXFileReference; lastKnownFileType = wrapper.xcdatamodel; path = Songs.xcdatamodel; sourceTree = "<group>"; };
		FCC4DC422798236A00FB0091 /* TabBar.swift */ = {isa = PBXFileReference; lastKnownFileType = sourcecode.swift; path = TabBar.swift; sourceTree = "<group>"; };
		FCC4DC482798241800FB0091 /* SongsView.swift */ = {isa = PBXFileReference; lastKnownFileType = sourcecode.swift; path = SongsView.swift; sourceTree = "<group>"; };
		FCC4DC4A2798245400FB0091 /* SongDetailView.swift */ = {isa = PBXFileReference; lastKnownFileType = sourcecode.swift; path = SongDetailView.swift; sourceTree = "<group>"; };
		FCC4DC4C2798248000FB0091 /* FavoritesView.swift */ = {isa = PBXFileReference; lastKnownFileType = sourcecode.swift; path = FavoritesView.swift; sourceTree = "<group>"; };
		FCC4DC4F2798285500FB0091 /* AddSongView.swift */ = {isa = PBXFileReference; lastKnownFileType = sourcecode.swift; path = AddSongView.swift; sourceTree = "<group>"; };
		FCC4DC512798287B00FB0091 /* AddArtistView.swift */ = {isa = PBXFileReference; lastKnownFileType = sourcecode.swift; path = AddArtistView.swift; sourceTree = "<group>"; };
		FCC4DC5327982DEB00FB0091 /* RatingView.swift */ = {isa = PBXFileReference; lastKnownFileType = sourcecode.swift; path = RatingView.swift; sourceTree = "<group>"; };
		FCEBD83F279844AC00DB4962 /* SongsViewModel.swift */ = {isa = PBXFileReference; lastKnownFileType = sourcecode.swift; path = SongsViewModel.swift; sourceTree = "<group>"; };
		FCEBD8412798473600DB4962 /* AddSongViewModel.swift */ = {isa = PBXFileReference; lastKnownFileType = sourcecode.swift; name = AddSongViewModel.swift; path = ../../../AddSongViewModel.swift; sourceTree = "<group>"; };
/* End PBXFileReference section */

/* Begin PBXFrameworksBuildPhase section */
		FCC4DC252798199700FB0091 /* Frameworks */ = {
			isa = PBXFrameworksBuildPhase;
			buildActionMask = 2147483647;
			files = (
			);
			runOnlyForDeploymentPostprocessing = 0;
		};
/* End PBXFrameworksBuildPhase section */

/* Begin PBXGroup section */
		FCC4DC1F2798199700FB0091 = {
			isa = PBXGroup;
			children = (
				FCC4DC2A2798199700FB0091 /* Songs */,
				FCC4DC292798199700FB0091 /* Products */,
			);
			sourceTree = "<group>";
		};
		FCC4DC292798199700FB0091 /* Products */ = {
			isa = PBXGroup;
			children = (
				FCC4DC282798199700FB0091 /* Songs.app */,
			);
			name = Products;
			sourceTree = "<group>";
		};
		FCC4DC2A2798199700FB0091 /* Songs */ = {
			isa = PBXGroup;
			children = (
				FCC4DC47279823FC00FB0091 /* Favorites */,
				FCC4DC45279823ED00FB0091 /* Songs */,
				FCC4DC46279823F300FB0091 /* SongDetail */,
				FCC4DC41279822D600FB0091 /* Managers */,
				FCC4DC4027981CE900FB0091 /* Models */,
				FCC4DC3F27981C3900FB0091 /* Main */,
				FCC4DC3E27981C2600FB0091 /* Resources */,
				FCC4DC312798199900FB0091 /* Preview Content */,
			);
			path = Songs;
			sourceTree = "<group>";
		};
		FCC4DC312798199900FB0091 /* Preview Content */ = {
			isa = PBXGroup;
			children = (
				FCC4DC322798199900FB0091 /* Preview Assets.xcassets */,
			);
			path = "Preview Content";
			sourceTree = "<group>";
		};
		FCC4DC3E27981C2600FB0091 /* Resources */ = {
			isa = PBXGroup;
			children = (
				FCC4DC2F2798199900FB0091 /* Assets.xcassets */,
			);
			path = Resources;
			sourceTree = "<group>";
		};
		FCC4DC3F27981C3900FB0091 /* Main */ = {
			isa = PBXGroup;
			children = (
				FCC4DC2B2798199700FB0091 /* SongsApp.swift */,
				FCC4DC422798236A00FB0091 /* TabBar.swift */,
			);
			path = Main;
			sourceTree = "<group>";
		};
		FCC4DC4027981CE900FB0091 /* Models */ = {
			isa = PBXGroup;
			children = (
				FCC4DC362798199900FB0091 /* Songs.xcdatamodeld */,
			);
			path = Models;
			sourceTree = "<group>";
		};
		FCC4DC41279822D600FB0091 /* Managers */ = {
			isa = PBXGroup;
			children = (
				FCC4DC342798199900FB0091 /* DBManager.swift */,
			);
			path = Managers;
			sourceTree = "<group>";
		};
		FCC4DC45279823ED00FB0091 /* Songs */ = {
			isa = PBXGroup;
			children = (
				FCC4DC4E2798284500FB0091 /* Add */,
				FCC4DC5327982DEB00FB0091 /* RatingView.swift */,
				FCC4DC482798241800FB0091 /* SongsView.swift */,
				FCEBD83F279844AC00DB4962 /* SongsViewModel.swift */,
			);
			path = Songs;
			sourceTree = "<group>";
		};
		FCC4DC46279823F300FB0091 /* SongDetail */ = {
			isa = PBXGroup;
			children = (
				FCC4DC4A2798245400FB0091 /* SongDetailView.swift */,
			);
			path = SongDetail;
			sourceTree = "<group>";
		};
		FCC4DC47279823FC00FB0091 /* Favorites */ = {
			isa = PBXGroup;
			children = (
				FCC4DC4C2798248000FB0091 /* FavoritesView.swift */,
				FC4BC092279C6A8900B78410 /* FavoritesViewModel.swift */,
			);
			path = Favorites;
			sourceTree = "<group>";
		};
		FCC4DC4E2798284500FB0091 /* Add */ = {
			isa = PBXGroup;
			children = (
				FCEBD8412798473600DB4962 /* AddSongViewModel.swift */,
				FCC4DC4F2798285500FB0091 /* AddSongView.swift */,
				FCC4DC512798287B00FB0091 /* AddArtistView.swift */,
				FC272B65279D64EE00774C04 /* AddArtistViewModel.swift */,
			);
			path = Add;
			sourceTree = "<group>";
		};
/* End PBXGroup section */

/* Begin PBXNativeTarget section */
		FCC4DC272798199700FB0091 /* Songs */ = {
			isa = PBXNativeTarget;
			buildConfigurationList = FCC4DC3B2798199900FB0091 /* Build configuration list for PBXNativeTarget "Songs" */;
			buildPhases = (
				FCC4DC242798199700FB0091 /* Sources */,
				FCC4DC252798199700FB0091 /* Frameworks */,
				FCC4DC262798199700FB0091 /* Resources */,
			);
			buildRules = (
			);
			dependencies = (
			);
			name = Songs;
			productName = Songs;
			productReference = FCC4DC282798199700FB0091 /* Songs.app */;
			productType = "com.apple.product-type.application";
		};
/* End PBXNativeTarget section */

/* Begin PBXProject section */
		FCC4DC202798199700FB0091 /* Project object */ = {
			isa = PBXProject;
			attributes = {
				BuildIndependentTargetsInParallel = 1;
				LastSwiftUpdateCheck = 1310;
				LastUpgradeCheck = 1310;
				TargetAttributes = {
					FCC4DC272798199700FB0091 = {
						CreatedOnToolsVersion = 13.1;
					};
				};
			};
			buildConfigurationList = FCC4DC232798199700FB0091 /* Build configuration list for PBXProject "Songs" */;
			compatibilityVersion = "Xcode 13.0";
			developmentRegion = en;
			hasScannedForEncodings = 0;
			knownRegions = (
				en,
				Base,
			);
			mainGroup = FCC4DC1F2798199700FB0091;
			productRefGroup = FCC4DC292798199700FB0091 /* Products */;
			projectDirPath = "";
			projectRoot = "";
			targets = (
				FCC4DC272798199700FB0091 /* Songs */,
			);
		};
/* End PBXProject section */

/* Begin PBXResourcesBuildPhase section */
		FCC4DC262798199700FB0091 /* Resources */ = {
			isa = PBXResourcesBuildPhase;
			buildActionMask = 2147483647;
			files = (
				FC3FE58E27986FD00017C571 /* Assets.xcassets in Resources */,
				FC3FE58F27986FD00017C571 /* Preview Assets.xcassets in Resources */,
			);
			runOnlyForDeploymentPostprocessing = 0;
		};
/* End PBXResourcesBuildPhase section */

/* Begin PBXSourcesBuildPhase section */
		FCC4DC242798199700FB0091 /* Sources */ = {
			isa = PBXSourcesBuildPhase;
			buildActionMask = 2147483647;
			files = (
				FCDF5A88279873400093A61D /* SongsApp.swift in Sources */,
				FCDF5A87279873230093A61D /* Songs.xcdatamodeld in Sources */,
				FCDDFBC327986F0F00E0F94F /* FavoritesView.swift in Sources */,
				FCDDFBC427986F0F00E0F94F /* SongDetailView.swift in Sources */,
				FCDDFBC527986F0F00E0F94F /* AddSongViewModel.swift in Sources */,
				FCDDFBC627986F0F00E0F94F /* AddSongView.swift in Sources */,
				FCDDFBC727986F0F00E0F94F /* AddArtistView.swift in Sources */,
				FCDDFBC827986F0F00E0F94F /* RatingView.swift in Sources */,
				FCDDFBC927986F0F00E0F94F /* SongsView.swift in Sources */,
				FC272B66279D64EE00774C04 /* AddArtistViewModel.swift in Sources */,
				FCDDFBCA27986F0F00E0F94F /* SongsViewModel.swift in Sources */,
				FCDDFBCB27986F0F00E0F94F /* DBManager.swift in Sources */,
				FCDDFBBF27986EF500E0F94F /* TabBar.swift in Sources */,
				FC4BC093279C6A8900B78410 /* FavoritesViewModel.swift in Sources */,
			);
			runOnlyForDeploymentPostprocessing = 0;
		};
/* End PBXSourcesBuildPhase section */

/* Begin XCBuildConfiguration section */
		FCC4DC392798199900FB0091 /* Debug */ = {
			isa = XCBuildConfiguration;
			buildSettings = {
				ALWAYS_SEARCH_USER_PATHS = NO;
				CLANG_ANALYZER_NONNULL = YES;
				CLANG_ANALYZER_NUMBER_OBJECT_CONVERSION = YES_AGGRESSIVE;
				CLANG_CXX_LANGUAGE_STANDARD = "gnu++17";
				CLANG_CXX_LIBRARY = "libc++";
				CLANG_ENABLE_MODULES = YES;
				CLANG_ENABLE_OBJC_ARC = YES;
				CLANG_ENABLE_OBJC_WEAK = YES;
				CLANG_WARN_BLOCK_CAPTURE_AUTORELEASING = YES;
				CLANG_WARN_BOOL_CONVERSION = YES;
				CLANG_WARN_COMMA = YES;
				CLANG_WARN_CONSTANT_CONVERSION = YES;
				CLANG_WARN_DEPRECATED_OBJC_IMPLEMENTATIONS = YES;
				CLANG_WARN_DIRECT_OBJC_ISA_USAGE = YES_ERROR;
				CLANG_WARN_DOCUMENTATION_COMMENTS = YES;
				CLANG_WARN_EMPTY_BODY = YES;
				CLANG_WARN_ENUM_CONVERSION = YES;
				CLANG_WARN_INFINITE_RECURSION = YES;
				CLANG_WARN_INT_CONVERSION = YES;
				CLANG_WARN_NON_LITERAL_NULL_CONVERSION = YES;
				CLANG_WARN_OBJC_IMPLICIT_RETAIN_SELF = YES;
				CLANG_WARN_OBJC_LITERAL_CONVERSION = YES;
				CLANG_WARN_OBJC_ROOT_CLASS = YES_ERROR;
				CLANG_WARN_QUOTED_INCLUDE_IN_FRAMEWORK_HEADER = YES;
				CLANG_WARN_RANGE_LOOP_ANALYSIS = YES;
				CLANG_WARN_STRICT_PROTOTYPES = YES;
				CLANG_WARN_SUSPICIOUS_MOVE = YES;
				CLANG_WARN_UNGUARDED_AVAILABILITY = YES_AGGRESSIVE;
				CLANG_WARN_UNREACHABLE_CODE = YES;
				CLANG_WARN__DUPLICATE_METHOD_MATCH = YES;
				COPY_PHASE_STRIP = NO;
				DEBUG_INFORMATION_FORMAT = dwarf;
				ENABLE_STRICT_OBJC_MSGSEND = YES;
				ENABLE_TESTABILITY = YES;
				GCC_C_LANGUAGE_STANDARD = gnu11;
				GCC_DYNAMIC_NO_PIC = NO;
				GCC_NO_COMMON_BLOCKS = YES;
				GCC_OPTIMIZATION_LEVEL = 0;
				GCC_PREPROCESSOR_DEFINITIONS = (
					"DEBUG=1",
					"$(inherited)",
				);
				GCC_WARN_64_TO_32_BIT_CONVERSION = YES;
				GCC_WARN_ABOUT_RETURN_TYPE = YES_ERROR;
				GCC_WARN_UNDECLARED_SELECTOR = YES;
				GCC_WARN_UNINITIALIZED_AUTOS = YES_AGGRESSIVE;
				GCC_WARN_UNUSED_FUNCTION = YES;
				GCC_WARN_UNUSED_VARIABLE = YES;
				IPHONEOS_DEPLOYMENT_TARGET = 15.0;
				MTL_ENABLE_DEBUG_INFO = INCLUDE_SOURCE;
				MTL_FAST_MATH = YES;
				ONLY_ACTIVE_ARCH = YES;
				SDKROOT = iphoneos;
				SWIFT_ACTIVE_COMPILATION_CONDITIONS = DEBUG;
				SWIFT_OPTIMIZATION_LEVEL = "-Onone";
			};
			name = Debug;
		};
		FCC4DC3A2798199900FB0091 /* Release */ = {
			isa = XCBuildConfiguration;
			buildSettings = {
				ALWAYS_SEARCH_USER_PATHS = NO;
				CLANG_ANALYZER_NONNULL = YES;
				CLANG_ANALYZER_NUMBER_OBJECT_CONVERSION = YES_AGGRESSIVE;
				CLANG_CXX_LANGUAGE_STANDARD = "gnu++17";
				CLANG_CXX_LIBRARY = "libc++";
				CLANG_ENABLE_MODULES = YES;
				CLANG_ENABLE_OBJC_ARC = YES;
				CLANG_ENABLE_OBJC_WEAK = YES;
				CLANG_WARN_BLOCK_CAPTURE_AUTORELEASING = YES;
				CLANG_WARN_BOOL_CONVERSION = YES;
				CLANG_WARN_COMMA = YES;
				CLANG_WARN_CONSTANT_CONVERSION = YES;
				CLANG_WARN_DEPRECATED_OBJC_IMPLEMENTATIONS = YES;
				CLANG_WARN_DIRECT_OBJC_ISA_USAGE = YES_ERROR;
				CLANG_WARN_DOCUMENTATION_COMMENTS = YES;
				CLANG_WARN_EMPTY_BODY = YES;
				CLANG_WARN_ENUM_CONVERSION = YES;
				CLANG_WARN_INFINITE_RECURSION = YES;
				CLANG_WARN_INT_CONVERSION = YES;
				CLANG_WARN_NON_LITERAL_NULL_CONVERSION = YES;
				CLANG_WARN_OBJC_IMPLICIT_RETAIN_SELF = YES;
				CLANG_WARN_OBJC_LITERAL_CONVERSION = YES;
				CLANG_WARN_OBJC_ROOT_CLASS = YES_ERROR;
				CLANG_WARN_QUOTED_INCLUDE_IN_FRAMEWORK_HEADER = YES;
				CLANG_WARN_RANGE_LOOP_ANALYSIS = YES;
				CLANG_WARN_STRICT_PROTOTYPES = YES;
				CLANG_WARN_SUSPICIOUS_MOVE = YES;
				CLANG_WARN_UNGUARDED_AVAILABILITY = YES_AGGRESSIVE;
				CLANG_WARN_UNREACHABLE_CODE = YES;
				CLANG_WARN__DUPLICATE_METHOD_MATCH = YES;
				COPY_PHASE_STRIP = NO;
				DEBUG_INFORMATION_FORMAT = "dwarf-with-dsym";
				ENABLE_NS_ASSERTIONS = NO;
				ENABLE_STRICT_OBJC_MSGSEND = YES;
				GCC_C_LANGUAGE_STANDARD = gnu11;
				GCC_NO_COMMON_BLOCKS = YES;
				GCC_WARN_64_TO_32_BIT_CONVERSION = YES;
				GCC_WARN_ABOUT_RETURN_TYPE = YES_ERROR;
				GCC_WARN_UNDECLARED_SELECTOR = YES;
				GCC_WARN_UNINITIALIZED_AUTOS = YES_AGGRESSIVE;
				GCC_WARN_UNUSED_FUNCTION = YES;
				GCC_WARN_UNUSED_VARIABLE = YES;
				IPHONEOS_DEPLOYMENT_TARGET = 15.0;
				MTL_ENABLE_DEBUG_INFO = NO;
				MTL_FAST_MATH = YES;
				SDKROOT = iphoneos;
				SWIFT_COMPILATION_MODE = wholemodule;
				SWIFT_OPTIMIZATION_LEVEL = "-O";
				VALIDATE_PRODUCT = YES;
			};
			name = Release;
		};
		FCC4DC3C2798199900FB0091 /* Debug */ = {
			isa = XCBuildConfiguration;
			buildSettings = {
				ASSETCATALOG_COMPILER_APPICON_NAME = AppIcon;
				ASSETCATALOG_COMPILER_GLOBAL_ACCENT_COLOR_NAME = AccentColor;
				CODE_SIGN_STYLE = Automatic;
				CURRENT_PROJECT_VERSION = 1;
				DEVELOPMENT_ASSET_PATHS = "\"Songs/Preview Content\"";
				DEVELOPMENT_TEAM = 77BMXQK6PZ;
				ENABLE_PREVIEWS = YES;
				GENERATE_INFOPLIST_FILE = YES;
				INFOPLIST_KEY_UIApplicationSceneManifest_Generation = YES;
				INFOPLIST_KEY_UIApplicationSupportsIndirectInputEvents = YES;
				INFOPLIST_KEY_UILaunchScreen_Generation = YES;
				INFOPLIST_KEY_UISupportedInterfaceOrientations_iPad = "UIInterfaceOrientationPortrait UIInterfaceOrientationPortraitUpsideDown UIInterfaceOrientationLandscapeLeft UIInterfaceOrientationLandscapeRight";
				INFOPLIST_KEY_UISupportedInterfaceOrientations_iPhone = "UIInterfaceOrientationPortrait UIInterfaceOrientationLandscapeLeft UIInterfaceOrientationLandscapeRight";
				LD_RUNPATH_SEARCH_PATHS = (
					"$(inherited)",
					"@executable_path/Frameworks",
				);
				MARKETING_VERSION = 1.0;
				PRODUCT_BUNDLE_IDENTIFIER = com.alexboisseau.Songs;
				PRODUCT_NAME = "$(TARGET_NAME)";
				SWIFT_EMIT_LOC_STRINGS = YES;
				SWIFT_VERSION = 5.0;
				TARGETED_DEVICE_FAMILY = "1,2";
			};
			name = Debug;
		};
		FCC4DC3D2798199900FB0091 /* Release */ = {
			isa = XCBuildConfiguration;
			buildSettings = {
				ASSETCATALOG_COMPILER_APPICON_NAME = AppIcon;
				ASSETCATALOG_COMPILER_GLOBAL_ACCENT_COLOR_NAME = AccentColor;
				CODE_SIGN_STYLE = Automatic;
				CURRENT_PROJECT_VERSION = 1;
				DEVELOPMENT_ASSET_PATHS = "\"Songs/Preview Content\"";
				DEVELOPMENT_TEAM = 77BMXQK6PZ;
				ENABLE_PREVIEWS = YES;
				GENERATE_INFOPLIST_FILE = YES;
				INFOPLIST_KEY_UIApplicationSceneManifest_Generation = YES;
				INFOPLIST_KEY_UIApplicationSupportsIndirectInputEvents = YES;
				INFOPLIST_KEY_UILaunchScreen_Generation = YES;
				INFOPLIST_KEY_UISupportedInterfaceOrientations_iPad = "UIInterfaceOrientationPortrait UIInterfaceOrientationPortraitUpsideDown UIInterfaceOrientationLandscapeLeft UIInterfaceOrientationLandscapeRight";
				INFOPLIST_KEY_UISupportedInterfaceOrientations_iPhone = "UIInterfaceOrientationPortrait UIInterfaceOrientationLandscapeLeft UIInterfaceOrientationLandscapeRight";
				LD_RUNPATH_SEARCH_PATHS = (
					"$(inherited)",
					"@executable_path/Frameworks",
				);
				MARKETING_VERSION = 1.0;
				PRODUCT_BUNDLE_IDENTIFIER = com.alexboisseau.Songs;
				PRODUCT_NAME = "$(TARGET_NAME)";
				SWIFT_EMIT_LOC_STRINGS = YES;
				SWIFT_VERSION = 5.0;
				TARGETED_DEVICE_FAMILY = "1,2";
			};
			name = Release;
		};
/* End XCBuildConfiguration section */

/* Begin XCConfigurationList section */
		FCC4DC232798199700FB0091 /* Build configuration list for PBXProject "Songs" */ = {
			isa = XCConfigurationList;
			buildConfigurations = (
				FCC4DC392798199900FB0091 /* Debug */,
				FCC4DC3A2798199900FB0091 /* Release */,
			);
			defaultConfigurationIsVisible = 0;
			defaultConfigurationName = Release;
		};
		FCC4DC3B2798199900FB0091 /* Build configuration list for PBXNativeTarget "Songs" */ = {
			isa = XCConfigurationList;
			buildConfigurations = (
				FCC4DC3C2798199900FB0091 /* Debug */,
				FCC4DC3D2798199900FB0091 /* Release */,
			);
			defaultConfigurationIsVisible = 0;
			defaultConfigurationName = Release;
		};
/* End XCConfigurationList section */

/* Begin XCVersionGroup section */
		FCC4DC362798199900FB0091 /* Songs.xcdatamodeld */ = {
			isa = XCVersionGroup;
			children = (
				FCC4DC372798199900FB0091 /* Songs.xcdatamodel */,
			);
			currentVersion = FCC4DC372798199900FB0091 /* Songs.xcdatamodel */;
			path = Songs.xcdatamodeld;
			sourceTree = "<group>";
			versionGroupType = wrapper.xcdatamodel;
		};
/* End XCVersionGroup section */
	};
	rootObject = FCC4DC202798199700FB0091 /* Project object */;
}
